// !$*UTF8*$!
{
	archiveVersion = 1;
	classes = {
	};
	objectVersion = 48;
	objects = {

/* Begin PBXBuildFile section */
		1805EE4E206B75770031D814 /* AppDelegate.swift in Sources */ = {isa = PBXBuildFile; fileRef = 1805EE4D206B75770031D814 /* AppDelegate.swift */; };
		1805EE50206B75770031D814 /* art.scnassets in Resources */ = {isa = PBXBuildFile; fileRef = 1805EE4F206B75770031D814 /* art.scnassets */; };
		1805EE52206B75770031D814 /* ViewController.swift in Sources */ = {isa = PBXBuildFile; fileRef = 1805EE51206B75770031D814 /* ViewController.swift */; };
		1805EE55206B75770031D814 /* Main.storyboard in Resources */ = {isa = PBXBuildFile; fileRef = 1805EE53206B75770031D814 /* Main.storyboard */; };
		1805EE57206B75770031D814 /* Assets.xcassets in Resources */ = {isa = PBXBuildFile; fileRef = 1805EE56206B75770031D814 /* Assets.xcassets */; };
		1805EE5A206B75770031D814 /* LaunchScreen.storyboard in Resources */ = {isa = PBXBuildFile; fileRef = 1805EE58206B75770031D814 /* LaunchScreen.storyboard */; };
		1805EE65206B75780031D814 /* ZqqARSTests.swift in Sources */ = {isa = PBXBuildFile; fileRef = 1805EE64206B75780031D814 /* ZqqARSTests.swift */; };
		1805EE70206B75780031D814 /* ZqqARSUITests.swift in Sources */ = {isa = PBXBuildFile; fileRef = 1805EE6F206B75780031D814 /* ZqqARSUITests.swift */; };
/* End PBXBuildFile section */

/* Begin PBXContainerItemProxy section */
		1805EE61206B75780031D814 /* PBXContainerItemProxy */ = {
			isa = PBXContainerItemProxy;
			containerPortal = 1805EE42206B75770031D814 /* Project object */;
			proxyType = 1;
			remoteGlobalIDString = 1805EE49206B75770031D814;
			remoteInfo = ZqqARS;
		};
		1805EE6C206B75780031D814 /* PBXContainerItemProxy */ = {
			isa = PBXContainerItemProxy;
			containerPortal = 1805EE42206B75770031D814 /* Project object */;
			proxyType = 1;
			remoteGlobalIDString = 1805EE49206B75770031D814;
			remoteInfo = ZqqARS;
		};
/* End PBXContainerItemProxy section */

/* Begin PBXFileReference section */
		1805EE4A206B75770031D814 /* ZqqARS.app */ = {isa = PBXFileReference; explicitFileType = wrapper.application; includeInIndex = 0; path = ZqqARS.app; sourceTree = BUILT_PRODUCTS_DIR; };
		1805EE4D206B75770031D814 /* AppDelegate.swift */ = {isa = PBXFileReference; lastKnownFileType = sourcecode.swift; path = AppDelegate.swift; sourceTree = "<group>"; };
		1805EE4F206B75770031D814 /* art.scnassets */ = {isa = PBXFileReference; lastKnownFileType = wrapper.scnassets; path = art.scnassets; sourceTree = "<group>"; };
		1805EE51206B75770031D814 /* ViewController.swift */ = {isa = PBXFileReference; lastKnownFileType = sourcecode.swift; path = ViewController.swift; sourceTree = "<group>"; };
		1805EE54206B75770031D814 /* Base */ = {isa = PBXFileReference; lastKnownFileType = file.storyboard; name = Base; path = Base.lproj/Main.storyboard; sourceTree = "<group>"; };
		1805EE56206B75770031D814 /* Assets.xcassets */ = {isa = PBXFileReference; lastKnownFileType = folder.assetcatalog; path = Assets.xcassets; sourceTree = "<group>"; };
		1805EE59206B75770031D814 /* Base */ = {isa = PBXFileReference; lastKnownFileType = file.storyboard; name = Base; path = Base.lproj/LaunchScreen.storyboard; sourceTree = "<group>"; };
		1805EE5B206B75770031D814 /* Info.plist */ = {isa = PBXFileReference; lastKnownFileType = text.plist.xml; path = Info.plist; sourceTree = "<group>"; };
		1805EE60206B75780031D814 /* ZqqARSTests.xctest */ = {isa = PBXFileReference; explicitFileType = wrapper.cfbundle; includeInIndex = 0; path = ZqqARSTests.xctest; sourceTree = BUILT_PRODUCTS_DIR; };
		1805EE64206B75780031D814 /* ZqqARSTests.swift */ = {isa = PBXFileReference; lastKnownFileType = sourcecode.swift; path = ZqqARSTests.swift; sourceTree = "<group>"; };
		1805EE66206B75780031D814 /* Info.plist */ = {isa = PBXFileReference; lastKnownFileType = text.plist.xml; path = Info.plist; sourceTree = "<group>"; };
		1805EE6B206B75780031D814 /* ZqqARSUITests.xctest */ = {isa = PBXFileReference; explicitFileType = wrapper.cfbundle; includeInIndex = 0; path = ZqqARSUITests.xctest; sourceTree = BUILT_PRODUCTS_DIR; };
		1805EE6F206B75780031D814 /* ZqqARSUITests.swift */ = {isa = PBXFileReference; lastKnownFileType = sourcecode.swift; path = ZqqARSUITests.swift; sourceTree = "<group>"; };
		1805EE71206B75780031D814 /* Info.plist */ = {isa = PBXFileReference; lastKnownFileType = text.plist.xml; path = Info.plist; sourceTree = "<group>"; };
/* End PBXFileReference section */

/* Begin PBXFrameworksBuildPhase section */
		1805EE47206B75770031D814 /* Frameworks */ = {
			isa = PBXFrameworksBuildPhase;
			buildActionMask = 2147483647;
			files = (
			);
			runOnlyForDeploymentPostprocessing = 0;
		};
		1805EE5D206B75780031D814 /* Frameworks */ = {
			isa = PBXFrameworksBuildPhase;
			buildActionMask = 2147483647;
			files = (
			);
			runOnlyForDeploymentPostprocessing = 0;
		};
		1805EE68206B75780031D814 /* Frameworks */ = {
			isa = PBXFrameworksBuildPhase;
			buildActionMask = 2147483647;
			files = (
			);
			runOnlyForDeploymentPostprocessing = 0;
		};
/* End PBXFrameworksBuildPhase section */

/* Begin PBXGroup section */
		1805EE41206B75770031D814 = {
			isa = PBXGroup;
			children = (
				1805EE4C206B75770031D814 /* ZqqARS */,
				1805EE63206B75780031D814 /* ZqqARSTests */,
				1805EE6E206B75780031D814 /* ZqqARSUITests */,
				1805EE4B206B75770031D814 /* Products */,
			);
			sourceTree = "<group>";
		};
		1805EE4B206B75770031D814 /* Products */ = {
			isa = PBXGroup;
			children = (
				1805EE4A206B75770031D814 /* ZqqARS.app */,
				1805EE60206B75780031D814 /* ZqqARSTests.xctest */,
				1805EE6B206B75780031D814 /* ZqqARSUITests.xctest */,
			);
			name = Products;
			sourceTree = "<group>";
		};
		1805EE4C206B75770031D814 /* ZqqARS */ = {
			isa = PBXGroup;
			children = (
				1805EE4D206B75770031D814 /* AppDelegate.swift */,
				1805EE4F206B75770031D814 /* art.scnassets */,
				1805EE51206B75770031D814 /* ViewController.swift */,
				1805EE53206B75770031D814 /* Main.storyboard */,
				1805EE56206B75770031D814 /* Assets.xcassets */,
				1805EE58206B75770031D814 /* LaunchScreen.storyboard */,
				1805EE5B206B75770031D814 /* Info.plist */,
			);
			path = ZqqARS;
			sourceTree = "<group>";
		};
		1805EE63206B75780031D814 /* ZqqARSTests */ = {
			isa = PBXGroup;
			children = (
				1805EE64206B75780031D814 /* ZqqARSTests.swift */,
				1805EE66206B75780031D814 /* Info.plist */,
			);
			path = ZqqARSTests;
			sourceTree = "<group>";
		};
		1805EE6E206B75780031D814 /* ZqqARSUITests */ = {
			isa = PBXGroup;
			children = (
				1805EE6F206B75780031D814 /* ZqqARSUITests.swift */,
				1805EE71206B75780031D814 /* Info.plist */,
			);
			path = ZqqARSUITests;
			sourceTree = "<group>";
		};
/* End PBXGroup section */

/* Begin PBXNativeTarget section */
		1805EE49206B75770031D814 /* ZqqARS */ = {
			isa = PBXNativeTarget;
			buildConfigurationList = 1805EE74206B75780031D814 /* Build configuration list for PBXNativeTarget "ZqqARS" */;
			buildPhases = (
				1805EE46206B75770031D814 /* Sources */,
				1805EE47206B75770031D814 /* Frameworks */,
				1805EE48206B75770031D814 /* Resources */,
			);
			buildRules = (
			);
			dependencies = (
			);
			name = ZqqARS;
			productName = ZqqARS;
			productReference = 1805EE4A206B75770031D814 /* ZqqARS.app */;
			productType = "com.apple.product-type.application";
		};
		1805EE5F206B75780031D814 /* ZqqARSTests */ = {
			isa = PBXNativeTarget;
			buildConfigurationList = 1805EE77206B75780031D814 /* Build configuration list for PBXNativeTarget "ZqqARSTests" */;
			buildPhases = (
				1805EE5C206B75780031D814 /* Sources */,
				1805EE5D206B75780031D814 /* Frameworks */,
				1805EE5E206B75780031D814 /* Resources */,
			);
			buildRules = (
			);
			dependencies = (
				1805EE62206B75780031D814 /* PBXTargetDependency */,
			);
			name = ZqqARSTests;
			productName = ZqqARSTests;
			productReference = 1805EE60206B75780031D814 /* ZqqARSTests.xctest */;
			productType = "com.apple.product-type.bundle.unit-test";
		};
		1805EE6A206B75780031D814 /* ZqqARSUITests */ = {
			isa = PBXNativeTarget;
			buildConfigurationList = 1805EE7A206B75780031D814 /* Build configuration list for PBXNativeTarget "ZqqARSUITests" */;
			buildPhases = (
				1805EE67206B75780031D814 /* Sources */,
				1805EE68206B75780031D814 /* Frameworks */,
				1805EE69206B75780031D814 /* Resources */,
			);
			buildRules = (
			);
			dependencies = (
				1805EE6D206B75780031D814 /* PBXTargetDependency */,
			);
			name = ZqqARSUITests;
			productName = ZqqARSUITests;
			productReference = 1805EE6B206B75780031D814 /* ZqqARSUITests.xctest */;
			productType = "com.apple.product-type.bundle.ui-testing";
		};
/* End PBXNativeTarget section */

/* Begin PBXProject section */
		1805EE42206B75770031D814 /* Project object */ = {
			isa = PBXProject;
			attributes = {
				LastSwiftUpdateCheck = 0910;
				LastUpgradeCheck = 0910;
				ORGANIZATIONNAME = com.deqiutseng;
				TargetAttributes = {
					1805EE49206B75770031D814 = {
						CreatedOnToolsVersion = 9.1;
						ProvisioningStyle = Automatic;
					};
					1805EE5F206B75780031D814 = {
						CreatedOnToolsVersion = 9.1;
						ProvisioningStyle = Automatic;
						TestTargetID = 1805EE49206B75770031D814;
					};
					1805EE6A206B75780031D814 = {
						CreatedOnToolsVersion = 9.1;
						ProvisioningStyle = Automatic;
						TestTargetID = 1805EE49206B75770031D814;
					};
				};
			};
			buildConfigurationList = 1805EE45206B75770031D814 /* Build configuration list for PBXProject "ZqqARS" */;
			compatibilityVersion = "Xcode 8.0";
			developmentRegion = en;
			hasScannedForEncodings = 0;
			knownRegions = (
				en,
				Base,
			);
			mainGroup = 1805EE41206B75770031D814;
			productRefGroup = 1805EE4B206B75770031D814 /* Products */;
			projectDirPath = "";
			projectRoot = "";
			targets = (
				1805EE49206B75770031D814 /* ZqqARS */,
				1805EE5F206B75780031D814 /* ZqqARSTests */,
				1805EE6A206B75780031D814 /* ZqqARSUITests */,
			);
		};
/* End PBXProject section */

/* Begin PBXResourcesBuildPhase section */
		1805EE48206B75770031D814 /* Resources */ = {
			isa = PBXResourcesBuildPhase;
			buildActionMask = 2147483647;
			files = (
				1805EE50206B75770031D814 /* art.scnassets in Resources */,
				1805EE5A206B75770031D814 /* LaunchScreen.storyboard in Resources */,
				1805EE57206B75770031D814 /* Assets.xcassets in Resources */,
				1805EE55206B75770031D814 /* Main.storyboard in Resources */,
			);
			runOnlyForDeploymentPostprocessing = 0;
		};
		1805EE5E206B75780031D814 /* Resources */ = {
			isa = PBXResourcesBuildPhase;
			buildActionMask = 2147483647;
			files = (
			);
			runOnlyForDeploymentPostprocessing = 0;
		};
		1805EE69206B75780031D814 /* Resources */ = {
			isa = PBXResourcesBuildPhase;
			buildActionMask = 2147483647;
			files = (
			);
			runOnlyForDeploymentPostprocessing = 0;
		};
/* End PBXResourcesBuildPhase section */

/* Begin PBXSourcesBuildPhase section */
		1805EE46206B75770031D814 /* Sources */ = {
			isa = PBXSourcesBuildPhase;
			buildActionMask = 2147483647;
			files = (
				1805EE52206B75770031D814 /* ViewController.swift in Sources */,
				1805EE4E206B75770031D814 /* AppDelegate.swift in Sources */,
			);
			runOnlyForDeploymentPostprocessing = 0;
		};
		1805EE5C206B75780031D814 /* Sources */ = {
			isa = PBXSourcesBuildPhase;
			buildActionMask = 2147483647;
			files = (
				1805EE65206B75780031D814 /* ZqqARSTests.swift in Sources */,
			);
			runOnlyForDeploymentPostprocessing = 0;
		};
		1805EE67206B75780031D814 /* Sources */ = {
			isa = PBXSourcesBuildPhase;
			buildActionMask = 2147483647;
			files = (
				1805EE70206B75780031D814 /* ZqqARSUITests.swift in Sources */,
			);
			runOnlyForDeploymentPostprocessing = 0;
		};
/* End PBXSourcesBuildPhase section */

/* Begin PBXTargetDependency section */
		1805EE62206B75780031D814 /* PBXTargetDependency */ = {
			isa = PBXTargetDependency;
			target = 1805EE49206B75770031D814 /* ZqqARS */;
			targetProxy = 1805EE61206B75780031D814 /* PBXContainerItemProxy */;
		};
		1805EE6D206B75780031D814 /* PBXTargetDependency */ = {
			isa = PBXTargetDependency;
			target = 1805EE49206B75770031D814 /* ZqqARS */;
			targetProxy = 1805EE6C206B75780031D814 /* PBXContainerItemProxy */;
		};
/* End PBXTargetDependency section */

/* Begin PBXVariantGroup section */
		1805EE53206B75770031D814 /* Main.storyboard */ = {
			isa = PBXVariantGroup;
			children = (
				1805EE54206B75770031D814 /* Base */,
			);
			name = Main.storyboard;
			sourceTree = "<group>";
		};
		1805EE58206B75770031D814 /* LaunchScreen.storyboard */ = {
			isa = PBXVariantGroup;
			children = (
				1805EE59206B75770031D814 /* Base */,
			);
			name = LaunchScreen.storyboard;
			sourceTree = "<group>";
		};
/* End PBXVariantGroup section */

/* Begin XCBuildConfiguration section */
		1805EE72206B75780031D814 /* Debug */ = {
			isa = XCBuildConfiguration;
			buildSettings = {
				ALWAYS_SEARCH_USER_PATHS = NO;
				CLANG_ANALYZER_NONNULL = YES;
				CLANG_ANALYZER_NUMBER_OBJECT_CONVERSION = YES_AGGRESSIVE;
				CLANG_CXX_LANGUAGE_STANDARD = "gnu++14";
				CLANG_CXX_LIBRARY = "libc++";
				CLANG_ENABLE_MODULES = YES;
				CLANG_ENABLE_OBJC_ARC = YES;
				CLANG_WARN_BLOCK_CAPTURE_AUTORELEASING = YES;
				CLANG_WARN_BOOL_CONVERSION = YES;
				CLANG_WARN_COMMA = YES;
				CLANG_WARN_CONSTANT_CONVERSION = YES;
				CLANG_WARN_DIRECT_OBJC_ISA_USAGE = YES_ERROR;
				CLANG_WARN_DOCUMENTATION_COMMENTS = YES;
				CLANG_WARN_EMPTY_BODY = YES;
				CLANG_WARN_ENUM_CONVERSION = YES;
				CLANG_WARN_INFINITE_RECURSION = YES;
				CLANG_WARN_INT_CONVERSION = YES;
				CLANG_WARN_NON_LITERAL_NULL_CONVERSION = YES;
				CLANG_WARN_OBJC_LITERAL_CONVERSION = YES;
				CLANG_WARN_OBJC_ROOT_CLASS = YES_ERROR;
				CLANG_WARN_RANGE_LOOP_ANALYSIS = YES;
				CLANG_WARN_STRICT_PROTOTYPES = YES;
				CLANG_WARN_SUSPICIOUS_MOVE = YES;
				CLANG_WARN_UNGUARDED_AVAILABILITY = YES_AGGRESSIVE;
				CLANG_WARN_UNREACHABLE_CODE = YES;
				CLANG_WARN__DUPLICATE_METHOD_MATCH = YES;
				CODE_SIGN_IDENTITY = "iPhone Developer";
				COPY_PHASE_STRIP = NO;
				DEBUG_INFORMATION_FORMAT = dwarf;
				ENABLE_STRICT_OBJC_MSGSEND = YES;
				ENABLE_TESTABILITY = YES;
				GCC_C_LANGUAGE_STANDARD = gnu11;
				GCC_DYNAMIC_NO_PIC = NO;
				GCC_NO_COMMON_BLOCKS = YES;
				GCC_OPTIMIZATION_LEVEL = 0;
				GCC_PREPROCESSOR_DEFINITIONS = (
					"DEBUG=1",
					"$(inherited)",
				);
				GCC_WARN_64_TO_32_BIT_CONVERSION = YES;
				GCC_WARN_ABOUT_RETURN_TYPE = YES_ERROR;
				GCC_WARN_UNDECLARED_SELECTOR = YES;
				GCC_WARN_UNINITIALIZED_AUTOS = YES_AGGRESSIVE;
				GCC_WARN_UNUSED_FUNCTION = YES;
				GCC_WARN_UNUSED_VARIABLE = YES;
				IPHONEOS_DEPLOYMENT_TARGET = 11.1;
				MTL_ENABLE_DEBUG_INFO = YES;
				ONLY_ACTIVE_ARCH = YES;
				SDKROOT = iphoneos;
				SWIFT_ACTIVE_COMPILATION_CONDITIONS = DEBUG;
				SWIFT_OPTIMIZATION_LEVEL = "-Onone";
			};
			name = Debug;
		};
		1805EE73206B75780031D814 /* Release */ = {
			isa = XCBuildConfiguration;
			buildSettings = {
				ALWAYS_SEARCH_USER_PATHS = NO;
				CLANG_ANALYZER_NONNULL = YES;
				CLANG_ANALYZER_NUMBER_OBJECT_CONVERSION = YES_AGGRESSIVE;
				CLANG_CXX_LANGUAGE_STANDARD = "gnu++14";
				CLANG_CXX_LIBRARY = "libc++";
				CLANG_ENABLE_MODULES = YES;
				CLANG_ENABLE_OBJC_ARC = YES;
				CLANG_WARN_BLOCK_CAPTURE_AUTORELEASING = YES;
				CLANG_WARN_BOOL_CONVERSION = YES;
				CLANG_WARN_COMMA = YES;
				CLANG_WARN_CONSTANT_CONVERSION = YES;
				CLANG_WARN_DIRECT_OBJC_ISA_USAGE = YES_ERROR;
				CLANG_WARN_DOCUMENTATION_COMMENTS = YES;
				CLANG_WARN_EMPTY_BODY = YES;
				CLANG_WARN_ENUM_CONVERSION = YES;
				CLANG_WARN_INFINITE_RECURSION = YES;
				CLANG_WARN_INT_CONVERSION = YES;
				CLANG_WARN_NON_LITERAL_NULL_CONVERSION = YES;
				CLANG_WARN_OBJC_LITERAL_CONVERSION = YES;
				CLANG_WARN_OBJC_ROOT_CLASS = YES_ERROR;
				CLANG_WARN_RANGE_LOOP_ANALYSIS = YES;
				CLANG_WARN_STRICT_PROTOTYPES = YES;
				CLANG_WARN_SUSPICIOUS_MOVE = YES;
				CLANG_WARN_UNGUARDED_AVAILABILITY = YES_AGGRESSIVE;
				CLANG_WARN_UNREACHABLE_CODE = YES;
				CLANG_WARN__DUPLICATE_METHOD_MATCH = YES;
				CODE_SIGN_IDENTITY = "iPhone Developer";
				COPY_PHASE_STRIP = NO;
				DEBUG_INFORMATION_FORMAT = "dwarf-with-dsym";
				ENABLE_NS_ASSERTIONS = NO;
				ENABLE_STRICT_OBJC_MSGSEND = YES;
				GCC_C_LANGUAGE_STANDARD = gnu11;
				GCC_NO_COMMON_BLOCKS = YES;
				GCC_WARN_64_TO_32_BIT_CONVERSION = YES;
				GCC_WARN_ABOUT_RETURN_TYPE = YES_ERROR;
				GCC_WARN_UNDECLARED_SELECTOR = YES;
				GCC_WARN_UNINITIALIZED_AUTOS = YES_AGGRESSIVE;
				GCC_WARN_UNUSED_FUNCTION = YES;
				GCC_WARN_UNUSED_VARIABLE = YES;
				IPHONEOS_DEPLOYMENT_TARGET = 11.1;
				MTL_ENABLE_DEBUG_INFO = NO;
				SDKROOT = iphoneos;
				SWIFT_OPTIMIZATION_LEVEL = "-Owholemodule";
				VALIDATE_PRODUCT = YES;
			};
			name = Release;
		};
		1805EE75206B75780031D814 /* Debug */ = {
			isa = XCBuildConfiguration;
			buildSettings = {
				ASSETCATALOG_COMPILER_APPICON_NAME = AppIcon;
				CODE_SIGN_STYLE = Automatic;
				DEVELOPMENT_TEAM = F4UC8JAJ8P;
				INFOPLIST_FILE = ZqqARS/Info.plist;
				LD_RUNPATH_SEARCH_PATHS = "$(inherited) @executable_path/Frameworks";
				PRODUCT_BUNDLE_IDENTIFIER = com.deqiutseng.ZqqARS;
				PRODUCT_NAME = "$(TARGET_NAME)";
				SWIFT_VERSION = 4.0;
				TARGETED_DEVICE_FAMILY = "1,2";
			};
			name = Debug;
		};
		1805EE76206B75780031D814 /* Release */ = {
			isa = XCBuildConfiguration;
			buildSettings = {
				ASSETCATALOG_COMPILER_APPICON_NAME = AppIcon;
				CODE_SIGN_STYLE = Automatic;
				DEVELOPMENT_TEAM = F4UC8JAJ8P;
				INFOPLIST_FILE = ZqqARS/Info.plist;
				LD_RUNPATH_SEARCH_PATHS = "$(inherited) @executable_path/Frameworks";
				PRODUCT_BUNDLE_IDENTIFIER = com.deqiutseng.ZqqARS;
				PRODUCT_NAME = "$(TARGET_NAME)";
				SWIFT_VERSION = 4.0;
				TARGETED_DEVICE_FAMILY = "1,2";
			};
			name = Release;
		};
		1805EE78206B75780031D814 /* Debug */ = {
			isa = XCBuildConfiguration;
			buildSettings = {
				ALWAYS_EMBED_SWIFT_STANDARD_LIBRARIES = YES;
				BUNDLE_LOADER = "$(TEST_HOST)";
				CODE_SIGN_STYLE = Automatic;
				DEVELOPMENT_TEAM = F4UC8JAJ8P;
				INFOPLIST_FILE = ZqqARSTests/Info.plist;
				LD_RUNPATH_SEARCH_PATHS = "$(inherited) @executable_path/Frameworks @loader_path/Frameworks";
				PRODUCT_BUNDLE_IDENTIFIER = com.deqiutseng.ZqqARSTests;
				PRODUCT_NAME = "$(TARGET_NAME)";
				SWIFT_VERSION = 4.0;
				TARGETED_DEVICE_FAMILY = "1,2";
				TEST_HOST = "$(BUILT_PRODUCTS_DIR)/ZqqARS.app/ZqqARS";
			};
			name = Debug;
		};
		1805EE79206B75780031D814 /* Release */ = {
			isa = XCBuildConfiguration;
			buildSettings = {
				ALWAYS_EMBED_SWIFT_STANDARD_LIBRARIES = YES;
				BUNDLE_LOADER = "$(TEST_HOST)";
				CODE_SIGN_STYLE = Automatic;
				DEVELOPMENT_TEAM = F4UC8JAJ8P;
				INFOPLIST_FILE = ZqqARSTests/Info.plist;
				LD_RUNPATH_SEARCH_PATHS = "$(inherited) @executable_path/Frameworks @loader_path/Frameworks";
				PRODUCT_BUNDLE_IDENTIFIER = com.deqiutseng.ZqqARSTests;
				PRODUCT_NAME = "$(TARGET_NAME)";
				SWIFT_VERSION = 4.0;
				TARGETED_DEVICE_FAMILY = "1,2";
				TEST_HOST = "$(BUILT_PRODUCTS_DIR)/ZqqARS.app/ZqqARS";
			};
			name = Release;
		};
		1805EE7B206B75780031D814 /* Debug */ = {
			isa = XCBuildConfiguration;
			buildSettings = {
				ALWAYS_EMBED_SWIFT_STANDARD_LIBRARIES = YES;
				CODE_SIGN_STYLE = Automatic;
				DEVELOPMENT_TEAM = F4UC8JAJ8P;
				INFOPLIST_FILE = ZqqARSUITests/Info.plist;
				LD_RUNPATH_SEARCH_PATHS = "$(inherited) @executable_path/Frameworks @loader_path/Frameworks";
				PRODUCT_BUNDLE_IDENTIFIER = com.deqiutseng.ZqqARSUITests;
				PRODUCT_NAME = "$(TARGET_NAME)";
				SWIFT_VERSION = 4.0;
				TARGETED_DEVICE_FAMILY = "1,2";
				TEST_TARGET_NAME = ZqqARS;
			};
			name = Debug;
		};
		1805EE7C206B75780031D814 /* Release */ = {
			isa = XCBuildConfiguration;
			buildSettings = {
				ALWAYS_EMBED_SWIFT_STANDARD_LIBRARIES = YES;
				CODE_SIGN_STYLE = Automatic;
				DEVELOPMENT_TEAM = F4UC8JAJ8P;
				INFOPLIST_FILE = ZqqARSUITests/Info.plist;
				LD_RUNPATH_SEARCH_PATHS = "$(inherited) @executable_path/Frameworks @loader_path/Frameworks";
				PRODUCT_BUNDLE_IDENTIFIER = com.deqiutseng.ZqqARSUITests;
				PRODUCT_NAME = "$(TARGET_NAME)";
				SWIFT_VERSION = 4.0;
				TARGETED_DEVICE_FAMILY = "1,2";
				TEST_TARGET_NAME = ZqqARS;
			};
			name = Release;
		};
/* End XCBuildConfiguration section */

/* Begin XCConfigurationList section */
		1805EE45206B75770031D814 /* Build configuration list for PBXProject "ZqqARS" */ = {
			isa = XCConfigurationList;
			buildConfigurations = (
				1805EE72206B75780031D814 /* Debug */,
				1805EE73206B75780031D814 /* Release */,
			);
			defaultConfigurationIsVisible = 0;
			defaultConfigurationName = Release;
		};
		1805EE74206B75780031D814 /* Build configuration list for PBXNativeTarget "ZqqARS" */ = {
			isa = XCConfigurationList;
			buildConfigurations = (
				1805EE75206B75780031D814 /* Debug */,
				1805EE76206B75780031D814 /* Release */,
			);
			defaultConfigurationIsVisible = 0;
			defaultConfigurationName = Release;
		};
		1805EE77206B75780031D814 /* Build configuration list for PBXNativeTarget "ZqqARSTests" */ = {
			isa = XCConfigurationList;
			buildConfigurations = (
				1805EE78206B75780031D814 /* Debug */,
				1805EE79206B75780031D814 /* Release */,
			);
			defaultConfigurationIsVisible = 0;
			defaultConfigurationName = Release;
		};
		1805EE7A206B75780031D814 /* Build configuration list for PBXNativeTarget "ZqqARSUITests" */ = {
			isa = XCConfigurationList;
			buildConfigurations = (
				1805EE7B206B75780031D814 /* Debug */,
				1805EE7C206B75780031D814 /* Release */,
			);
			defaultConfigurationIsVisible = 0;
			defaultConfigurationName = Release;
		};
/* End XCConfigurationList section */
	};
	rootObject = 1805EE42206B75770031D814 /* Project object */;
}
